
Microsoft Visual Studio Solution File, Format Version 12.00
# Visual Studio Version 17
VisualStudioVersion = 17.4.33103.184
MinimumVisualStudioVersion = 10.0.40219.1
Project("{9A19103F-16F7-4668-BE54-9A1E7A4F7556}") = "SimpleFactory", "SimpleFactory\SimpleFactory.csproj", "{6B087ECB-CAF7-4273-B929-14CEF765294B}"
EndProject
Project("{9A19103F-16F7-4668-BE54-9A1E7A4F7556}") = "FactoryMethod", "FactoryMethod\FactoryMethod.csproj", "{BA04C171-CFA2-41B7-9709-A313BBEE8696}"
EndProject
Project("{9A19103F-16F7-4668-BE54-9A1E7A4F7556}") = "AbstractFactory", "AbstractFactory\AbstractFactory.csproj", "{7ADCCA3D-977D-4762-963D-6D9908BDC004}"
EndProject
Project("{9A19103F-16F7-4668-BE54-9A1E7A4F7556}") = "Builder", "Builder\Builder.csproj", "{932B0813-4B91-4499-B970-1579A8583EEA}"
EndProject
Project("{9A19103F-16F7-4668-BE54-9A1E7A4F7556}") = "Singleton", "Singleton\Singleton.csproj", "{273F08CE-78EF-458D-A4C7-E7C9DA2F7FF2}"
EndProject
Project("{9A19103F-16F7-4668-BE54-9A1E7A4F7556}") = "Adapter", "Adapter\Adapter.csproj", "{0023AD6D-9C7E-4DE8-9281-F1F60FFF1027}"
EndProject
Project("{9A19103F-16F7-4668-BE54-9A1E7A4F7556}") = "Bridge", "Bridge\Bridge.csproj", "{6DBB7283-A6B1-48A4-9A9A-0ADDDDB4D8D3}"
EndProject
Project("{9A19103F-16F7-4668-BE54-9A1E7A4F7556}") = "Decorator", "Decorator\Decorator.csproj", "{9ABF9F58-F46D-443E-9930-E02504DBCE7F}"
EndProject
Project("{9A19103F-16F7-4668-BE54-9A1E7A4F7556}") = "Facade", "Facade\Facade.csproj", "{579473F9-871A-4BF2-92B5-1782610B582B}"
EndProject
Project("{9A19103F-16F7-4668-BE54-9A1E7A4F7556}") = "FlyWeight", "FlyWeight\FlyWeight.csproj", "{B3D132E0-B6E9-40D5-89D1-5A35D6539213}"
EndProject
Project("{9A19103F-16F7-4668-BE54-9A1E7A4F7556}") = "Proxy", "Proxy\Proxy.csproj", "{A250567F-26A4-45D3-A689-517C74C46141}"
EndProject
Project("{9A19103F-16F7-4668-BE54-9A1E7A4F7556}") = "Composite", "Composite\Composite.csproj", "{744D33C9-16E3-4C25-B3F6-C6AC1446F541}"
EndProject
Project("{9A19103F-16F7-4668-BE54-9A1E7A4F7556}") = "ChainofResponsibility", "ChainofResponsibility\ChainofResponsibility.csproj", "{ED166BA3-4C76-4A21-8500-24621FAEDEE5}"
EndProject
Project("{9A19103F-16F7-4668-BE54-9A1E7A4F7556}") = "Command", "Command\Command.csproj", "{9A1C5521-E0C8-49B1-B49A-D97EBAA5C4CD}"
EndProject
Project("{FAE04EC0-301F-11D3-BF4B-00C04F79EFBC}") = "Interpreter", "Interpreter\Interpreter.csproj", "{4DA22CF2-174C-471E-8606-36E47E8B53F7}"
EndProject
Project("{FAE04EC0-301F-11D3-BF4B-00C04F79EFBC}") = "Iterator", "Iterator\Iterator.csproj", "{9A912011-554F-4C61-9B9B-2D9C5E2038AA}"
EndProject
Project("{FAE04EC0-301F-11D3-BF4B-00C04F79EFBC}") = "Mediator", "Mediator\Mediator.csproj", "{C076889C-E130-4524-A64A-FDB3B7917158}"
EndProject
Global
	GlobalSection(SolutionConfigurationPlatforms) = preSolution
		Debug|Any CPU = Debug|Any CPU
		Release|Any CPU = Release|Any CPU
	EndGlobalSection
	GlobalSection(ProjectConfigurationPlatforms) = postSolution
		{6B087ECB-CAF7-4273-B929-14CEF765294B}.Debug|Any CPU.ActiveCfg = Debug|Any CPU
		{6B087ECB-CAF7-4273-B929-14CEF765294B}.Debug|Any CPU.Build.0 = Debug|Any CPU
		{6B087ECB-CAF7-4273-B929-14CEF765294B}.Release|Any CPU.ActiveCfg = Release|Any CPU
		{6B087ECB-CAF7-4273-B929-14CEF765294B}.Release|Any CPU.Build.0 = Release|Any CPU
		{BA04C171-CFA2-41B7-9709-A313BBEE8696}.Debug|Any CPU.ActiveCfg = Debug|Any CPU
		{BA04C171-CFA2-41B7-9709-A313BBEE8696}.Debug|Any CPU.Build.0 = Debug|Any CPU
		{BA04C171-CFA2-41B7-9709-A313BBEE8696}.Release|Any CPU.ActiveCfg = Release|Any CPU
		{BA04C171-CFA2-41B7-9709-A313BBEE8696}.Release|Any CPU.Build.0 = Release|Any CPU
		{7ADCCA3D-977D-4762-963D-6D9908BDC004}.Debug|Any CPU.ActiveCfg = Debug|Any CPU
		{7ADCCA3D-977D-4762-963D-6D9908BDC004}.Debug|Any CPU.Build.0 = Debug|Any CPU
		{7ADCCA3D-977D-4762-963D-6D9908BDC004}.Release|Any CPU.ActiveCfg = Release|Any CPU
		{7ADCCA3D-977D-4762-963D-6D9908BDC004}.Release|Any CPU.Build.0 = Release|Any CPU
		{932B0813-4B91-4499-B970-1579A8583EEA}.Debug|Any CPU.ActiveCfg = Debug|Any CPU
		{932B0813-4B91-4499-B970-1579A8583EEA}.Debug|Any CPU.Build.0 = Debug|Any CPU
		{932B0813-4B91-4499-B970-1579A8583EEA}.Release|Any CPU.ActiveCfg = Release|Any CPU
		{932B0813-4B91-4499-B970-1579A8583EEA}.Release|Any CPU.Build.0 = Release|Any CPU
		{273F08CE-78EF-458D-A4C7-E7C9DA2F7FF2}.Debug|Any CPU.ActiveCfg = Debug|Any CPU
		{273F08CE-78EF-458D-A4C7-E7C9DA2F7FF2}.Debug|Any CPU.Build.0 = Debug|Any CPU
		{273F08CE-78EF-458D-A4C7-E7C9DA2F7FF2}.Release|Any CPU.ActiveCfg = Release|Any CPU
		{273F08CE-78EF-458D-A4C7-E7C9DA2F7FF2}.Release|Any CPU.Build.0 = Release|Any CPU
		{0023AD6D-9C7E-4DE8-9281-F1F60FFF1027}.Debug|Any CPU.ActiveCfg = Debug|Any CPU
		{0023AD6D-9C7E-4DE8-9281-F1F60FFF1027}.Debug|Any CPU.Build.0 = Debug|Any CPU
		{0023AD6D-9C7E-4DE8-9281-F1F60FFF1027}.Release|Any CPU.ActiveCfg = Release|Any CPU
		{0023AD6D-9C7E-4DE8-9281-F1F60FFF1027}.Release|Any CPU.Build.0 = Release|Any CPU
		{6DBB7283-A6B1-48A4-9A9A-0ADDDDB4D8D3}.Debug|Any CPU.ActiveCfg = Debug|Any CPU
		{6DBB7283-A6B1-48A4-9A9A-0ADDDDB4D8D3}.Debug|Any CPU.Build.0 = Debug|Any CPU
		{6DBB7283-A6B1-48A4-9A9A-0ADDDDB4D8D3}.Release|Any CPU.ActiveCfg = Release|Any CPU
		{6DBB7283-A6B1-48A4-9A9A-0ADDDDB4D8D3}.Release|Any CPU.Build.0 = Release|Any CPU
		{9ABF9F58-F46D-443E-9930-E02504DBCE7F}.Debug|Any CPU.ActiveCfg = Debug|Any CPU
		{9ABF9F58-F46D-443E-9930-E02504DBCE7F}.Debug|Any CPU.Build.0 = Debug|Any CPU
		{9ABF9F58-F46D-443E-9930-E02504DBCE7F}.Release|Any CPU.ActiveCfg = Release|Any CPU
		{9ABF9F58-F46D-443E-9930-E02504DBCE7F}.Release|Any CPU.Build.0 = Release|Any CPU
		{579473F9-871A-4BF2-92B5-1782610B582B}.Debug|Any CPU.ActiveCfg = Debug|Any CPU
		{579473F9-871A-4BF2-92B5-1782610B582B}.Debug|Any CPU.Build.0 = Debug|Any CPU
		{579473F9-871A-4BF2-92B5-1782610B582B}.Release|Any CPU.ActiveCfg = Release|Any CPU
		{579473F9-871A-4BF2-92B5-1782610B582B}.Release|Any CPU.Build.0 = Release|Any CPU
		{B3D132E0-B6E9-40D5-89D1-5A35D6539213}.Debug|Any CPU.ActiveCfg = Debug|Any CPU
		{B3D132E0-B6E9-40D5-89D1-5A35D6539213}.Debug|Any CPU.Build.0 = Debug|Any CPU
		{B3D132E0-B6E9-40D5-89D1-5A35D6539213}.Release|Any CPU.ActiveCfg = Release|Any CPU
		{B3D132E0-B6E9-40D5-89D1-5A35D6539213}.Release|Any CPU.Build.0 = Release|Any CPU
		{A250567F-26A4-45D3-A689-517C74C46141}.Debug|Any CPU.ActiveCfg = Debug|Any CPU
		{A250567F-26A4-45D3-A689-517C74C46141}.Debug|Any CPU.Build.0 = Debug|Any CPU
		{A250567F-26A4-45D3-A689-517C74C46141}.Release|Any CPU.ActiveCfg = Release|Any CPU
		{A250567F-26A4-45D3-A689-517C74C46141}.Release|Any CPU.Build.0 = Release|Any CPU
		{744D33C9-16E3-4C25-B3F6-C6AC1446F541}.Debug|Any CPU.ActiveCfg = Debug|Any CPU
		{744D33C9-16E3-4C25-B3F6-C6AC1446F541}.Debug|Any CPU.Build.0 = Debug|Any CPU
		{744D33C9-16E3-4C25-B3F6-C6AC1446F541}.Release|Any CPU.ActiveCfg = Release|Any CPU
		{744D33C9-16E3-4C25-B3F6-C6AC1446F541}.Release|Any CPU.Build.0 = Release|Any CPU
		{ED166BA3-4C76-4A21-8500-24621FAEDEE5}.Debug|Any CPU.ActiveCfg = Debug|Any CPU
		{ED166BA3-4C76-4A21-8500-24621FAEDEE5}.Debug|Any CPU.Build.0 = Debug|Any CPU
		{ED166BA3-4C76-4A21-8500-24621FAEDEE5}.Release|Any CPU.ActiveCfg = Release|Any CPU
		{ED166BA3-4C76-4A21-8500-24621FAEDEE5}.Release|Any CPU.Build.0 = Release|Any CPU
		{9A1C5521-E0C8-49B1-B49A-D97EBAA5C4CD}.Debug|Any CPU.ActiveCfg = Debug|Any CPU
		{9A1C5521-E0C8-49B1-B49A-D97EBAA5C4CD}.Debug|Any CPU.Build.0 = Debug|Any CPU
		{9A1C5521-E0C8-49B1-B49A-D97EBAA5C4CD}.Release|Any CPU.ActiveCfg = Release|Any CPU
		{9A1C5521-E0C8-49B1-B49A-D97EBAA5C4CD}.Release|Any CPU.Build.0 = Release|Any CPU
		{4DA22CF2-174C-471E-8606-36E47E8B53F7}.Debug|Any CPU.ActiveCfg = Debug|Any CPU
		{4DA22CF2-174C-471E-8606-36E47E8B53F7}.Debug|Any CPU.Build.0 = Debug|Any CPU
		{4DA22CF2-174C-471E-8606-36E47E8B53F7}.Release|Any CPU.ActiveCfg = Release|Any CPU
		{4DA22CF2-174C-471E-8606-36E47E8B53F7}.Release|Any CPU.Build.0 = Release|Any CPU
		{9A912011-554F-4C61-9B9B-2D9C5E2038AA}.Debug|Any CPU.ActiveCfg = Debug|Any CPU
		{9A912011-554F-4C61-9B9B-2D9C5E2038AA}.Debug|Any CPU.Build.0 = Debug|Any CPU
		{9A912011-554F-4C61-9B9B-2D9C5E2038AA}.Release|Any CPU.ActiveCfg = Release|Any CPU
		{9A912011-554F-4C61-9B9B-2D9C5E2038AA}.Release|Any CPU.Build.0 = Release|Any CPU
		{C076889C-E130-4524-A64A-FDB3B7917158}.Debug|Any CPU.ActiveCfg = Debug|Any CPU
		{C076889C-E130-4524-A64A-FDB3B7917158}.Debug|Any CPU.Build.0 = Debug|Any CPU
		{C076889C-E130-4524-A64A-FDB3B7917158}.Release|Any CPU.ActiveCfg = Release|Any CPU
		{C076889C-E130-4524-A64A-FDB3B7917158}.Release|Any CPU.Build.0 = Release|Any CPU
	EndGlobalSection
	GlobalSection(SolutionProperties) = preSolution
		HideSolutionNode = FALSE
	EndGlobalSection
	GlobalSection(ExtensibilityGlobals) = postSolution
		SolutionGuid = {EA3DE0A3-8F7B-491D-9826-04F9E1BB1F58}
	EndGlobalSection
EndGlobal
